
Microsoft Visual Studio Solution File, Format Version 12.00
# Visual Studio Version 17
VisualStudioVersion = 17.14.36401.2
MinimumVisualStudioVersion = 10.0.40219.1
Project("{FAE04EC0-301F-11D3-BF4B-00C04F79EFBC}") = "ConsultorioV2", "ConsultorioV2.csproj", "{C73A1C8C-14AF-4C84-AE5C-F0606D2FB2A7}"
EndProject
Project("{FAE04EC0-301F-11D3-BF4B-00C04F79EFBC}") = "ConsultorioApp", "..\ConsultorioApp\ConsultorioApp.csproj", "{EE0AAB58-730B-470F-ABB0-1DBC161A2451}"
EndProject
Global
	GlobalSection(SolutionConfigurationPlatforms) = preSolution
		Debug|Any CPU = Debug|Any CPU
		Release|Any CPU = Release|Any CPU
	EndGlobalSection
	GlobalSection(ProjectConfigurationPlatforms) = postSolution
		{C73A1C8C-14AF-4C84-AE5C-F0606D2FB2A7}.Debug|Any CPU.ActiveCfg = Debug|Any CPU
		{C73A1C8C-14AF-4C84-AE5C-F0606D2FB2A7}.Debug|Any CPU.Build.0 = Debug|Any CPU
		{C73A1C8C-14AF-4C84-AE5C-F0606D2FB2A7}.Release|Any CPU.ActiveCfg = Release|Any CPU
		{C73A1C8C-14AF-4C84-AE5C-F0606D2FB2A7}.Release|Any CPU.Build.0 = Release|Any CPU
		{EE0AAB58-730B-470F-ABB0-1DBC161A2451}.Debug|Any CPU.ActiveCfg = Debug|Any CPU
		{EE0AAB58-730B-470F-ABB0-1DBC161A2451}.Debug|Any CPU.Build.0 = Debug|Any CPU
		{EE0AAB58-730B-470F-ABB0-1DBC161A2451}.Release|Any CPU.ActiveCfg = Release|Any CPU
		{EE0AAB58-730B-470F-ABB0-1DBC161A2451}.Release|Any CPU.Build.0 = Release|Any CPU
	EndGlobalSection
	GlobalSection(SolutionProperties) = preSolution
		HideSolutionNode = FALSE
	EndGlobalSection
	GlobalSection(ExtensibilityGlobals) = postSolution
		SolutionGuid = {BB55E523-873A-4AB9-8B87-082D328DADEC}
	EndGlobalSection
EndGlobal
